
Microsoft Visual Studio Solution File, Format Version 12.00
# Visual Studio 15
VisualStudioVersion = 15.0.28010.2016
MinimumVisualStudioVersion = 10.0.40219.1
Project("{FAE04EC0-301F-11D3-BF4B-00C04F79EFBC}") = "LYZJ.HM3Shop.UI.Portal", "LYZJ.HM3Shop\LYZJ.HM3Shop.UI.Portal.csproj", "{A45E33DE-A12A-4B0C-940D-C5614A16B716}"
EndProject
Project("{FAE04EC0-301F-11D3-BF4B-00C04F79EFBC}") = "LYZJ.HM3Shop.Tests", "LYZJ.HM3Shop.Tests\LYZJ.HM3Shop.Tests.csproj", "{B95B3DAA-D862-4AB1-82C7-265D67447D6C}"
EndProject
Project("{2150E333-8FDC-42A3-9474-1A3956D46DE8}") = "Interface", "Interface", "{B86BD841-18B0-4BC8-8565-21A702E26A2B}"
EndProject
Project("{2150E333-8FDC-42A3-9474-1A3956D46DE8}") = "Implement", "Implement", "{662E4732-7D90-4F6C-8D20-1E2E4D8DF3E2}"
EndProject
Project("{2150E333-8FDC-42A3-9474-1A3956D46DE8}") = "Model", "Model", "{9BBA071A-433D-4DF0-9B61-A239F690C771}"
EndProject
Project("{FAE04EC0-301F-11D3-BF4B-00C04F79EFBC}") = "LYZJ.HM3Shop.BLL", "LYZJ.HM3Shop.BLL\LYZJ.HM3Shop.BLL.csproj", "{A0F4DA0A-B5E4-4BEF-9BBE-76E8B31E82FF}"
EndProject
Project("{FAE04EC0-301F-11D3-BF4B-00C04F79EFBC}") = "LYZJ.HM3Shop.DAL", "LYZJ.HM3Shop.DAL\LYZJ.HM3Shop.DAL.csproj", "{BC5C049E-C663-44C2-A7D1-EB6C85DD4F86}"
EndProject
Project("{FAE04EC0-301F-11D3-BF4B-00C04F79EFBC}") = "LYZJ.HM3Shop.IBLL", "LYZJ.HM3Shop.IBLL\LYZJ.HM3Shop.IBLL.csproj", "{D78B4E4B-265C-4ABF-A69B-B5DB49CB864E}"
EndProject
Project("{FAE04EC0-301F-11D3-BF4B-00C04F79EFBC}") = "LYZJ.HM3Shop.IDAL", "LYZJ.HM3Shop.IDAL\LYZJ.HM3Shop.IDAL.csproj", "{1314CA8B-2B35-41C6-AD41-343E26139EC2}"
EndProject
Project("{FAE04EC0-301F-11D3-BF4B-00C04F79EFBC}") = "LYZJ.HM3Shop.Model", "LYZJ.HM3Shop.Model\LYZJ.HM3Shop.Model.csproj", "{DFEAB545-82D5-4045-89F8-55E79FB69D01}"
EndProject
Project("{2150E333-8FDC-42A3-9474-1A3956D46DE8}") = "Common", "Common", "{651AFE66-B51E-4E12-80AA-FE7148D69D4A}"
EndProject
Project("{FAE04EC0-301F-11D3-BF4B-00C04F79EFBC}") = "LYZJ.HM3Shop.Common", "LYZJ.HM3Shop.Common\LYZJ.HM3Shop.Common.csproj", "{2CF0A24A-3907-4924-92AD-6CE1E612DE51}"
EndProject
Global
	GlobalSection(SolutionConfigurationPlatforms) = preSolution
		Debug|Any CPU = Debug|Any CPU
		Release|Any CPU = Release|Any CPU
	EndGlobalSection
	GlobalSection(ProjectConfigurationPlatforms) = postSolution
		{A45E33DE-A12A-4B0C-940D-C5614A16B716}.Debug|Any CPU.ActiveCfg = Debug|Any CPU
		{A45E33DE-A12A-4B0C-940D-C5614A16B716}.Debug|Any CPU.Build.0 = Debug|Any CPU
		{A45E33DE-A12A-4B0C-940D-C5614A16B716}.Release|Any CPU.ActiveCfg = Release|Any CPU
		{A45E33DE-A12A-4B0C-940D-C5614A16B716}.Release|Any CPU.Build.0 = Release|Any CPU
		{B95B3DAA-D862-4AB1-82C7-265D67447D6C}.Debug|Any CPU.ActiveCfg = Debug|Any CPU
		{B95B3DAA-D862-4AB1-82C7-265D67447D6C}.Debug|Any CPU.Build.0 = Debug|Any CPU
		{B95B3DAA-D862-4AB1-82C7-265D67447D6C}.Release|Any CPU.ActiveCfg = Release|Any CPU
		{B95B3DAA-D862-4AB1-82C7-265D67447D6C}.Release|Any CPU.Build.0 = Release|Any CPU
		{A0F4DA0A-B5E4-4BEF-9BBE-76E8B31E82FF}.Debug|Any CPU.ActiveCfg = Debug|Any CPU
		{A0F4DA0A-B5E4-4BEF-9BBE-76E8B31E82FF}.Debug|Any CPU.Build.0 = Debug|Any CPU
		{A0F4DA0A-B5E4-4BEF-9BBE-76E8B31E82FF}.Release|Any CPU.ActiveCfg = Release|Any CPU
		{A0F4DA0A-B5E4-4BEF-9BBE-76E8B31E82FF}.Release|Any CPU.Build.0 = Release|Any CPU
		{BC5C049E-C663-44C2-A7D1-EB6C85DD4F86}.Debug|Any CPU.ActiveCfg = Debug|Any CPU
		{BC5C049E-C663-44C2-A7D1-EB6C85DD4F86}.Debug|Any CPU.Build.0 = Debug|Any CPU
		{BC5C049E-C663-44C2-A7D1-EB6C85DD4F86}.Release|Any CPU.ActiveCfg = Release|Any CPU
		{BC5C049E-C663-44C2-A7D1-EB6C85DD4F86}.Release|Any CPU.Build.0 = Release|Any CPU
		{D78B4E4B-265C-4ABF-A69B-B5DB49CB864E}.Debug|Any CPU.ActiveCfg = Debug|Any CPU
		{D78B4E4B-265C-4ABF-A69B-B5DB49CB864E}.Debug|Any CPU.Build.0 = Debug|Any CPU
		{D78B4E4B-265C-4ABF-A69B-B5DB49CB864E}.Release|Any CPU.ActiveCfg = Release|Any CPU
		{D78B4E4B-265C-4ABF-A69B-B5DB49CB864E}.Release|Any CPU.Build.0 = Release|Any CPU
		{1314CA8B-2B35-41C6-AD41-343E26139EC2}.Debug|Any CPU.ActiveCfg = Debug|Any CPU
		{1314CA8B-2B35-41C6-AD41-343E26139EC2}.Debug|Any CPU.Build.0 = Debug|Any CPU
		{1314CA8B-2B35-41C6-AD41-343E26139EC2}.Release|Any CPU.ActiveCfg = Release|Any CPU
		{1314CA8B-2B35-41C6-AD41-343E26139EC2}.Release|Any CPU.Build.0 = Release|Any CPU
		{DFEAB545-82D5-4045-89F8-55E79FB69D01}.Debug|Any CPU.ActiveCfg = Debug|Any CPU
		{DFEAB545-82D5-4045-89F8-55E79FB69D01}.Debug|Any CPU.Build.0 = Debug|Any CPU
		{DFEAB545-82D5-4045-89F8-55E79FB69D01}.Release|Any CPU.ActiveCfg = Release|Any CPU
		{DFEAB545-82D5-4045-89F8-55E79FB69D01}.Release|Any CPU.Build.0 = Release|Any CPU
		{2CF0A24A-3907-4924-92AD-6CE1E612DE51}.Debug|Any CPU.ActiveCfg = Debug|Any CPU
		{2CF0A24A-3907-4924-92AD-6CE1E612DE51}.Debug|Any CPU.Build.0 = Debug|Any CPU
		{2CF0A24A-3907-4924-92AD-6CE1E612DE51}.Release|Any CPU.ActiveCfg = Release|Any CPU
		{2CF0A24A-3907-4924-92AD-6CE1E612DE51}.Release|Any CPU.Build.0 = Release|Any CPU
	EndGlobalSection
	GlobalSection(SolutionProperties) = preSolution
		HideSolutionNode = FALSE
	EndGlobalSection
	GlobalSection(NestedProjects) = preSolution
		{A0F4DA0A-B5E4-4BEF-9BBE-76E8B31E82FF} = {662E4732-7D90-4F6C-8D20-1E2E4D8DF3E2}
		{BC5C049E-C663-44C2-A7D1-EB6C85DD4F86} = {662E4732-7D90-4F6C-8D20-1E2E4D8DF3E2}
		{D78B4E4B-265C-4ABF-A69B-B5DB49CB864E} = {B86BD841-18B0-4BC8-8565-21A702E26A2B}
		{1314CA8B-2B35-41C6-AD41-343E26139EC2} = {B86BD841-18B0-4BC8-8565-21A702E26A2B}
		{DFEAB545-82D5-4045-89F8-55E79FB69D01} = {9BBA071A-433D-4DF0-9B61-A239F690C771}
		{2CF0A24A-3907-4924-92AD-6CE1E612DE51} = {651AFE66-B51E-4E12-80AA-FE7148D69D4A}
	EndGlobalSection
	GlobalSection(ExtensibilityGlobals) = postSolution
		SolutionGuid = {CD88E2CF-BA10-461A-9128-B030461C25EE}
	EndGlobalSection
EndGlobal
